
Microsoft Visual Studio Solution File, Format Version 12.00
# Visual Studio 15
VisualStudioVersion = 15.0.28010.2016
MinimumVisualStudioVersion = 10.0.40219.1
Project("{FAE04EC0-301F-11D3-BF4B-00C04F79EFBC}") = "Test", "Test\Test.csproj", "{8B860C69-ECA1-4460-A609-F1EE0BE7A703}"
EndProject
Project("{FAE04EC0-301F-11D3-BF4B-00C04F79EFBC}") = "ServiceStack.RedisHelper", "ServiceStack.RedisHelper\ServiceStack.RedisHelper.csproj", "{0E6CA9E0-79A9-4DE4-A78F-433049EE83A8}"
EndProject
Global
	GlobalSection(SolutionConfigurationPlatforms) = preSolution
		Debug|Any CPU = Debug|Any CPU
		Release|Any CPU = Release|Any CPU
	EndGlobalSection
	GlobalSection(ProjectConfigurationPlatforms) = postSolution
		{8B860C69-ECA1-4460-A609-F1EE0BE7A703}.Debug|Any CPU.ActiveCfg = Debug|Any CPU
		{8B860C69-ECA1-4460-A609-F1EE0BE7A703}.Debug|Any CPU.Build.0 = Debug|Any CPU
		{8B860C69-ECA1-4460-A609-F1EE0BE7A703}.Release|Any CPU.ActiveCfg = Release|Any CPU
		{8B860C69-ECA1-4460-A609-F1EE0BE7A703}.Release|Any CPU.Build.0 = Release|Any CPU
		{0E6CA9E0-79A9-4DE4-A78F-433049EE83A8}.Debug|Any CPU.ActiveCfg = Debug|Any CPU
		{0E6CA9E0-79A9-4DE4-A78F-433049EE83A8}.Debug|Any CPU.Build.0 = Debug|Any CPU
		{0E6CA9E0-79A9-4DE4-A78F-433049EE83A8}.Release|Any CPU.ActiveCfg = Release|Any CPU
		{0E6CA9E0-79A9-4DE4-A78F-433049EE83A8}.Release|Any CPU.Build.0 = Release|Any CPU
	EndGlobalSection
	GlobalSection(SolutionProperties) = preSolution
		HideSolutionNode = FALSE
	EndGlobalSection
	GlobalSection(ExtensibilityGlobals) = postSolution
		SolutionGuid = {441580EA-CF1C-4B57-AE36-04C28391C511}
	EndGlobalSection
EndGlobal
